
Microsoft Visual Studio Solution File, Format Version 12.00
# Visual Studio Version 16
VisualStudioVersion = 16.0.29806.167
MinimumVisualStudioVersion = 10.0.40219.1
Project("{FAE04EC0-301F-11D3-BF4B-00C04F79EFBC}") = "BookShoppingMall", "BookShoppingMall\BookShoppingMall.csproj", "{31830077-DEB6-4213-B40B-59513884F763}"
EndProject
Global
	GlobalSection(SolutionConfigurationPlatforms) = preSolution
		Debug|Any CPU = Debug|Any CPU
		Release|Any CPU = Release|Any CPU
	EndGlobalSection
	GlobalSection(ProjectConfigurationPlatforms) = postSolution
		{31830077-DEB6-4213-B40B-59513884F763}.Debug|Any CPU.ActiveCfg = Debug|Any CPU
		{31830077-DEB6-4213-B40B-59513884F763}.Debug|Any CPU.Build.0 = Debug|Any CPU
		{31830077-DEB6-4213-B40B-59513884F763}.Release|Any CPU.ActiveCfg = Release|Any CPU
		{31830077-DEB6-4213-B40B-59513884F763}.Release|Any CPU.Build.0 = Release|Any CPU
	EndGlobalSection
	GlobalSection(SolutionProperties) = preSolution
		HideSolutionNode = FALSE
	EndGlobalSection
	GlobalSection(ExtensibilityGlobals) = postSolution
		SolutionGuid = {08FF4A86-8C77-42FD-BEF7-B317B6C443EF}
	EndGlobalSection
EndGlobal
