
Microsoft Visual Studio Solution File, Format Version 12.00
# Visual Studio Version 16
VisualStudioVersion = 16.0.30330.147
MinimumVisualStudioVersion = 10.0.40219.1
Project("{FAE04EC0-301F-11D3-BF4B-00C04F79EFBC}") = "DieGuessGame(WindowsForms)", "DieGuessGame(WindowsForms)\DieGuessGame(WindowsForms).csproj", "{0D142B74-7278-4AB1-BBA7-D9A3CACBA56C}"
EndProject
Global
	GlobalSection(SolutionConfigurationPlatforms) = preSolution
		Debug|Any CPU = Debug|Any CPU
		Release|Any CPU = Release|Any CPU
	EndGlobalSection
	GlobalSection(ProjectConfigurationPlatforms) = postSolution
		{0D142B74-7278-4AB1-BBA7-D9A3CACBA56C}.Debug|Any CPU.ActiveCfg = Debug|Any CPU
		{0D142B74-7278-4AB1-BBA7-D9A3CACBA56C}.Debug|Any CPU.Build.0 = Debug|Any CPU
		{0D142B74-7278-4AB1-BBA7-D9A3CACBA56C}.Release|Any CPU.ActiveCfg = Release|Any CPU
		{0D142B74-7278-4AB1-BBA7-D9A3CACBA56C}.Release|Any CPU.Build.0 = Release|Any CPU
	EndGlobalSection
	GlobalSection(SolutionProperties) = preSolution
		HideSolutionNode = FALSE
	EndGlobalSection
	GlobalSection(ExtensibilityGlobals) = postSolution
		SolutionGuid = {34C1F2F3-705C-49C9-8307-58875C69406D}
	EndGlobalSection
EndGlobal
